// !$*UTF8*$!
{
	archiveVersion = 1;
	classes = {
	};
	objectVersion = 50;
	objects = {

/* Begin PBXBuildFile section */
		DADEF59924850404009E8D33 /* AppDelegate.swift in Sources */ = {isa = PBXBuildFile; fileRef = DADEF59824850404009E8D33 /* AppDelegate.swift */; };
		DADEF59B24850404009E8D33 /* SceneDelegate.swift in Sources */ = {isa = PBXBuildFile; fileRef = DADEF59A24850404009E8D33 /* SceneDelegate.swift */; };
		DADEF59D24850404009E8D33 /* ContentView.swift in Sources */ = {isa = PBXBuildFile; fileRef = DADEF59C24850404009E8D33 /* ContentView.swift */; };
		DADEF59F24850406009E8D33 /* Assets.xcassets in Resources */ = {isa = PBXBuildFile; fileRef = DADEF59E24850406009E8D33 /* Assets.xcassets */; };
		DADEF5A224850406009E8D33 /* Preview Assets.xcassets in Resources */ = {isa = PBXBuildFile; fileRef = DADEF5A124850406009E8D33 /* Preview Assets.xcassets */; };
		DADEF5A524850406009E8D33 /* LaunchScreen.storyboard in Resources */ = {isa = PBXBuildFile; fileRef = DADEF5A324850406009E8D33 /* LaunchScreen.storyboard */; };
/* End PBXBuildFile section */

/* Begin PBXFileReference section */
		DADEF59524850404009E8D33 /* FloatingLabelTextField-SwiftUI.app */ = {isa = PBXFileReference; explicitFileType = wrapper.application; includeInIndex = 0; path = "FloatingLabelTextField-SwiftUI.app"; sourceTree = BUILT_PRODUCTS_DIR; };
		DADEF59824850404009E8D33 /* AppDelegate.swift */ = {isa = PBXFileReference; lastKnownFileType = sourcecode.swift; path = AppDelegate.swift; sourceTree = "<group>"; };
		DADEF59A24850404009E8D33 /* SceneDelegate.swift */ = {isa = PBXFileReference; lastKnownFileType = sourcecode.swift; path = SceneDelegate.swift; sourceTree = "<group>"; };
		DADEF59C24850404009E8D33 /* ContentView.swift */ = {isa = PBXFileReference; lastKnownFileType = sourcecode.swift; path = ContentView.swift; sourceTree = "<group>"; };
		DADEF59E24850406009E8D33 /* Assets.xcassets */ = {isa = PBXFileReference; lastKnownFileType = folder.assetcatalog; path = Assets.xcassets; sourceTree = "<group>"; };
		DADEF5A124850406009E8D33 /* Preview Assets.xcassets */ = {isa = PBXFileReference; lastKnownFileType = folder.assetcatalog; path = "Preview Assets.xcassets"; sourceTree = "<group>"; };
		DADEF5A424850406009E8D33 /* Base */ = {isa = PBXFileReference; lastKnownFileType = file.storyboard; name = Base; path = Base.lproj/LaunchScreen.storyboard; sourceTree = "<group>"; };
		DADEF5A624850406009E8D33 /* Info.plist */ = {isa = PBXFileReference; lastKnownFileType = text.plist.xml; path = Info.plist; sourceTree = "<group>"; };
/* End PBXFileReference section */

/* Begin PBXFrameworksBuildPhase section */
		DADEF59224850404009E8D33 /* Frameworks */ = {
			isa = PBXFrameworksBuildPhase;
			buildActionMask = 2147483647;
			files = (
			);
			runOnlyForDeploymentPostprocessing = 0;
		};
/* End PBXFrameworksBuildPhase section */

/* Begin PBXGroup section */
		DADEF58C24850404009E8D33 = {
			isa = PBXGroup;
			children = (
				DADEF59724850404009E8D33 /* FloatingLabelTextField-SwiftUI */,
				DADEF59624850404009E8D33 /* Products */,
			);
			sourceTree = "<group>";
		};
		DADEF59624850404009E8D33 /* Products */ = {
			isa = PBXGroup;
			children = (
				DADEF59524850404009E8D33 /* FloatingLabelTextField-SwiftUI.app */,
			);
			name = Products;
			sourceTree = "<group>";
		};
		DADEF59724850404009E8D33 /* FloatingLabelTextField-SwiftUI */ = {
			isa = PBXGroup;
			children = (
				DADEF59824850404009E8D33 /* AppDelegate.swift */,
				DADEF59A24850404009E8D33 /* SceneDelegate.swift */,
				DADEF59C24850404009E8D33 /* ContentView.swift */,
				DADEF59E24850406009E8D33 /* Assets.xcassets */,
				DADEF5A324850406009E8D33 /* LaunchScreen.storyboard */,
				DADEF5A624850406009E8D33 /* Info.plist */,
				DADEF5A024850406009E8D33 /* Preview Content */,
			);
			path = "FloatingLabelTextField-SwiftUI";
			sourceTree = "<group>";
		};
		DADEF5A024850406009E8D33 /* Preview Content */ = {
			isa = PBXGroup;
			children = (
				DADEF5A124850406009E8D33 /* Preview Assets.xcassets */,
			);
			path = "Preview Content";
			sourceTree = "<group>";
		};
/* End PBXGroup section */

/* Begin PBXNativeTarget section */
		DADEF59424850404009E8D33 /* FloatingLabelTextField-SwiftUI */ = {
			isa = PBXNativeTarget;
			buildConfigurationList = DADEF5A924850406009E8D33 /* Build configuration list for PBXNativeTarget "FloatingLabelTextField-SwiftUI" */;
			buildPhases = (
				DADEF59124850404009E8D33 /* Sources */,
				DADEF59224850404009E8D33 /* Frameworks */,
				DADEF59324850404009E8D33 /* Resources */,
			);
			buildRules = (
			);
			dependencies = (
			);
			name = "FloatingLabelTextField-SwiftUI";
			productName = "FloatingLabelTextField-SwiftUI";
			productReference = DADEF59524850404009E8D33 /* FloatingLabelTextField-SwiftUI.app */;
			productType = "com.apple.product-type.application";
		};
/* End PBXNativeTarget section */

/* Begin PBXProject section */
		DADEF58D24850404009E8D33 /* Project object */ = {
			isa = PBXProject;
			attributes = {
				LastSwiftUpdateCheck = 1150;
				LastUpgradeCheck = 1150;
				ORGANIZATIONNAME = phatnt;
				TargetAttributes = {
					DADEF59424850404009E8D33 = {
						CreatedOnToolsVersion = 11.5;
					};
				};
			};
			buildConfigurationList = DADEF59024850404009E8D33 /* Build configuration list for PBXProject "FloatingLabelTextField-SwiftUI" */;
			compatibilityVersion = "Xcode 9.3";
			developmentRegion = en;
			hasScannedForEncodings = 0;
			knownRegions = (
				en,
				Base,
			);
			mainGroup = DADEF58C24850404009E8D33;
			productRefGroup = DADEF59624850404009E8D33 /* Products */;
			projectDirPath = "";
			projectRoot = "";
			targets = (
				DADEF59424850404009E8D33 /* FloatingLabelTextField-SwiftUI */,
			);
		};
/* End PBXProject section */

/* Begin PBXResourcesBuildPhase section */
		DADEF59324850404009E8D33 /* Resources */ = {
			isa = PBXResourcesBuildPhase;
			buildActionMask = 2147483647;
			files = (
				DADEF5A524850406009E8D33 /* LaunchScreen.storyboard in Resources */,
				DADEF5A224850406009E8D33 /* Preview Assets.xcassets in Resources */,
				DADEF59F24850406009E8D33 /* Assets.xcassets in Resources */,
			);
			runOnlyForDeploymentPostprocessing = 0;
		};
/* End PBXResourcesBuildPhase section */

/* Begin PBXSourcesBuildPhase section */
		DADEF59124850404009E8D33 /* Sources */ = {
			isa = PBXSourcesBuildPhase;
			buildActionMask = 2147483647;
			files = (
				DADEF59924850404009E8D33 /* AppDelegate.swift in Sources */,
				DADEF59B24850404009E8D33 /* SceneDelegate.swift in Sources */,
				DADEF59D24850404009E8D33 /* ContentView.swift in Sources */,
			);
			runOnlyForDeploymentPostprocessing = 0;
		};
/* End PBXSourcesBuildPhase section */

/* Begin PBXVariantGroup section */
		DADEF5A324850406009E8D33 /* LaunchScreen.storyboard */ = {
			isa = PBXVariantGroup;
			children = (
				DADEF5A424850406009E8D33 /* Base */,
			);
			name = LaunchScreen.storyboard;
			sourceTree = "<group>";
		};
/* End PBXVariantGroup section */

/* Begin XCBuildConfiguration section */
		DADEF5A724850406009E8D33 /* Debug */ = {
			isa = XCBuildConfiguration;
			buildSettings = {
				ALWAYS_SEARCH_USER_PATHS = NO;
				CLANG_ANALYZER_NONNULL = YES;
				CLANG_ANALYZER_NUMBER_OBJECT_CONVERSION = YES_AGGRESSIVE;
				CLANG_CXX_LANGUAGE_STANDARD = "gnu++14";
				CLANG_CXX_LIBRARY = "libc++";
				CLANG_ENABLE_MODULES = YES;
				CLANG_ENABLE_OBJC_ARC = YES;
				CLANG_ENABLE_OBJC_WEAK = YES;
				CLANG_WARN_BLOCK_CAPTURE_AUTORELEASING = YES;
				CLANG_WARN_BOOL_CONVERSION = YES;
				CLANG_WARN_COMMA = YES;
				CLANG_WARN_CONSTANT_CONVERSION = YES;
				CLANG_WARN_DEPRECATED_OBJC_IMPLEMENTATIONS = YES;
				CLANG_WARN_DIRECT_OBJC_ISA_USAGE = YES_ERROR;
				CLANG_WARN_DOCUMENTATION_COMMENTS = YES;
				CLANG_WARN_EMPTY_BODY = YES;
				CLANG_WARN_ENUM_CONVERSION = YES;
				CLANG_WARN_INFINITE_RECURSION = YES;
				CLANG_WARN_INT_CONVERSION = YES;
				CLANG_WARN_NON_LITERAL_NULL_CONVERSION = YES;
				CLANG_WARN_OBJC_IMPLICIT_RETAIN_SELF = YES;
				CLANG_WARN_OBJC_LITERAL_CONVERSION = YES;
				CLANG_WARN_OBJC_ROOT_CLASS = YES_ERROR;
				CLANG_WARN_RANGE_LOOP_ANALYSIS = YES;
				CLANG_WARN_STRICT_PROTOTYPES = YES;
				CLANG_WARN_SUSPICIOUS_MOVE = YES;
				CLANG_WARN_UNGUARDED_AVAILABILITY = YES_AGGRESSIVE;
				CLANG_WARN_UNREACHABLE_CODE = YES;
				CLANG_WARN__DUPLICATE_METHOD_MATCH = YES;
				COPY_PHASE_STRIP = NO;
				DEBUG_INFORMATION_FORMAT = dwarf;
				ENABLE_STRICT_OBJC_MSGSEND = YES;
				ENABLE_TESTABILITY = YES;
				GCC_C_LANGUAGE_STANDARD = gnu11;
				GCC_DYNAMIC_NO_PIC = NO;
				GCC_NO_COMMON_BLOCKS = YES;
				GCC_OPTIMIZATION_LEVEL = 0;
				GCC_PREPROCESSOR_DEFINITIONS = (
					"DEBUG=1",
					"$(inherited)",
				);
				GCC_WARN_64_TO_32_BIT_CONVERSION = YES;
				GCC_WARN_ABOUT_RETURN_TYPE = YES_ERROR;
				GCC_WARN_UNDECLARED_SELECTOR = YES;
				GCC_WARN_UNINITIALIZED_AUTOS = YES_AGGRESSIVE;
				GCC_WARN_UNUSED_FUNCTION = YES;
				GCC_WARN_UNUSED_VARIABLE = YES;
				IPHONEOS_DEPLOYMENT_TARGET = 13.5;
				MTL_ENABLE_DEBUG_INFO = INCLUDE_SOURCE;
				MTL_FAST_MATH = YES;
				ONLY_ACTIVE_ARCH = YES;
				SDKROOT = iphoneos;
				SWIFT_ACTIVE_COMPILATION_CONDITIONS = DEBUG;
				SWIFT_OPTIMIZATION_LEVEL = "-Onone";
			};
			name = Debug;
		};
		DADEF5A824850406009E8D33 /* Release */ = {
			isa = XCBuildConfiguration;
			buildSettings = {
				ALWAYS_SEARCH_USER_PATHS = NO;
				CLANG_ANALYZER_NONNULL = YES;
				CLANG_ANALYZER_NUMBER_OBJECT_CONVERSION = YES_AGGRESSIVE;
				CLANG_CXX_LANGUAGE_STANDARD = "gnu++14";
				CLANG_CXX_LIBRARY = "libc++";
				CLANG_ENABLE_MODULES = YES;
				CLANG_ENABLE_OBJC_ARC = YES;
				CLANG_ENABLE_OBJC_WEAK = YES;
				CLANG_WARN_BLOCK_CAPTURE_AUTORELEASING = YES;
				CLANG_WARN_BOOL_CONVERSION = YES;
				CLANG_WARN_COMMA = YES;
				CLANG_WARN_CONSTANT_CONVERSION = YES;
				CLANG_WARN_DEPRECATED_OBJC_IMPLEMENTATIONS = YES;
				CLANG_WARN_DIRECT_OBJC_ISA_USAGE = YES_ERROR;
				CLANG_WARN_DOCUMENTATION_COMMENTS = YES;
				CLANG_WARN_EMPTY_BODY = YES;
				CLANG_WARN_ENUM_CONVERSION = YES;
				CLANG_WARN_INFINITE_RECURSION = YES;
				CLANG_WARN_INT_CONVERSION = YES;
				CLANG_WARN_NON_LITERAL_NULL_CONVERSION = YES;
				CLANG_WARN_OBJC_IMPLICIT_RETAIN_SELF = YES;
				CLANG_WARN_OBJC_LITERAL_CONVERSION = YES;
				CLANG_WARN_OBJC_ROOT_CLASS = YES_ERROR;
				CLANG_WARN_RANGE_LOOP_ANALYSIS = YES;
				CLANG_WARN_STRICT_PROTOTYPES = YES;
				CLANG_WARN_SUSPICIOUS_MOVE = YES;
				CLANG_WARN_UNGUARDED_AVAILABILITY = YES_AGGRESSIVE;
				CLANG_WARN_UNREACHABLE_CODE = YES;
				CLANG_WARN__DUPLICATE_METHOD_MATCH = YES;
				COPY_PHASE_STRIP = NO;
				DEBUG_INFORMATION_FORMAT = "dwarf-with-dsym";
				ENABLE_NS_ASSERTIONS = NO;
				ENABLE_STRICT_OBJC_MSGSEND = YES;
				GCC_C_LANGUAGE_STANDARD = gnu11;
				GCC_NO_COMMON_BLOCKS = YES;
				GCC_WARN_64_TO_32_BIT_CONVERSION = YES;
				GCC_WARN_ABOUT_RETURN_TYPE = YES_ERROR;
				GCC_WARN_UNDECLARED_SELECTOR = YES;
				GCC_WARN_UNINITIALIZED_AUTOS = YES_AGGRESSIVE;
				GCC_WARN_UNUSED_FUNCTION = YES;
				GCC_WARN_UNUSED_VARIABLE = YES;
				IPHONEOS_DEPLOYMENT_TARGET = 13.5;
				MTL_ENABLE_DEBUG_INFO = NO;
				MTL_FAST_MATH = YES;
				SDKROOT = iphoneos;
				SWIFT_COMPILATION_MODE = wholemodule;
				SWIFT_OPTIMIZATION_LEVEL = "-O";
				VALIDATE_PRODUCT = YES;
			};
			name = Release;
		};
		DADEF5AA24850406009E8D33 /* Debug */ = {
			isa = XCBuildConfiguration;
			buildSettings = {
				ASSETCATALOG_COMPILER_APPICON_NAME = AppIcon;
				CODE_SIGN_STYLE = Automatic;
				DEVELOPMENT_ASSET_PATHS = "\"FloatingLabelTextField-SwiftUI/Preview Content\"";
				DEVELOPMENT_TEAM = SJFV9RP76W;
				ENABLE_PREVIEWS = YES;
				INFOPLIST_FILE = "FloatingLabelTextField-SwiftUI/Info.plist";
				LD_RUNPATH_SEARCH_PATHS = (
					"$(inherited)",
					"@executable_path/Frameworks",
				);
				PRODUCT_BUNDLE_IDENTIFIER = "jackthecode.FloatingLabelTextField-SwiftUI";
				PRODUCT_NAME = "$(TARGET_NAME)";
				SWIFT_VERSION = 5.0;
				TARGETED_DEVICE_FAMILY = "1,2";
			};
			name = Debug;
		};
		DADEF5AB24850406009E8D33 /* Release */ = {
			isa = XCBuildConfiguration;
			buildSettings = {
				ASSETCATALOG_COMPILER_APPICON_NAME = AppIcon;
				CODE_SIGN_STYLE = Automatic;
				DEVELOPMENT_ASSET_PATHS = "\"FloatingLabelTextField-SwiftUI/Preview Content\"";
				DEVELOPMENT_TEAM = SJFV9RP76W;
				ENABLE_PREVIEWS = YES;
				INFOPLIST_FILE = "FloatingLabelTextField-SwiftUI/Info.plist";
				LD_RUNPATH_SEARCH_PATHS = (
					"$(inherited)",
					"@executable_path/Frameworks",
				);
				PRODUCT_BUNDLE_IDENTIFIER = "jackthecode.FloatingLabelTextField-SwiftUI";
				PRODUCT_NAME = "$(TARGET_NAME)";
				SWIFT_VERSION = 5.0;
				TARGETED_DEVICE_FAMILY = "1,2";
			};
			name = Release;
		};
/* End XCBuildConfiguration section */

/* Begin XCConfigurationList section */
		DADEF59024850404009E8D33 /* Build configuration list for PBXProject "FloatingLabelTextField-SwiftUI" */ = {
			isa = XCConfigurationList;
			buildConfigurations = (
				DADEF5A724850406009E8D33 /* Debug */,
				DADEF5A824850406009E8D33 /* Release */,
			);
			defaultConfigurationIsVisible = 0;
			defaultConfigurationName = Release;
		};
		DADEF5A924850406009E8D33 /* Build configuration list for PBXNativeTarget "FloatingLabelTextField-SwiftUI" */ = {
			isa = XCConfigurationList;
			buildConfigurations = (
				DADEF5AA24850406009E8D33 /* Debug */,
				DADEF5AB24850406009E8D33 /* Release */,
			);
			defaultConfigurationIsVisible = 0;
			defaultConfigurationName = Release;
		};
/* End XCConfigurationList section */
	};
	rootObject = DADEF58D24850404009E8D33 /* Project object */;
}
